
Microsoft Visual Studio Solution File, Format Version 12.00
# Visual Studio 15
VisualStudioVersion = 15.0.27703.2000
MinimumVisualStudioVersion = 10.0.40219.1
Project("{2150E333-8FDC-42A3-9474-1A3956D46DE8}") = "build", "build", "{C4E2763D-8CA1-4332-808F-E32E9F4DDA94}"
	ProjectSection(SolutionItems) = preProject
		.editorconfig = .editorconfig
		_config.yml = _config.yml
		build.ps1 = build.ps1
		build.xml = build.xml
		config.ps1 = config.ps1
	EndProjectSection
EndProject
Project("{2150E333-8FDC-42A3-9474-1A3956D46DE8}") = "nuget", "nuget", "{9F77EE50-CC9F-4DDC-9524-55D56E63A840}"
	ProjectSection(SolutionItems) = preProject
		NuGet.Config = NuGet.Config
	EndProjectSection
EndProject
Project("{2150E333-8FDC-42A3-9474-1A3956D46DE8}") = "props", "props", "{A2F3E41E-D53C-49A1-9089-2FE2C3F0FE73}"
	ProjectSection(SolutionItems) = preProject
		build\Avalonia.Desktop.props = build\Avalonia.Desktop.props
		build\Avalonia.props = build\Avalonia.props
		build\Base.props = build\Base.props
		build\CsvHelper.props = build\CsvHelper.props
		build\EmbedXaml.props = build\EmbedXaml.props
		build\NETCore.props = build\NETCore.props
		build\Newtonsoft.Json.props = build\Newtonsoft.Json.props
		build\ReactiveUI.props = build\ReactiveUI.props
		build\Rx.props = build\Rx.props
		build\SharpDX.props = build\SharpDX.props
		build\SkiaSharp.props = build\SkiaSharp.props
		build\XUnit.props = build\XUnit.props
	EndProjectSection
EndProject
Project("{2150E333-8FDC-42A3-9474-1A3956D46DE8}") = "samples", "samples", "{2B045CC0-AA4B-44B1-9D92-459B71EC7AA3}"
EndProject
Project("{9A19103F-16F7-4668-BE54-9A1E7A4F7556}") = "AvaloniaDemo", "samples\AvaloniaDemo\AvaloniaDemo.csproj", "{2B7AA608-8B4A-4700-BA51-ADA07363EDEB}"
EndProject
Project("{2150E333-8FDC-42A3-9474-1A3956D46DE8}") = "src", "src", "{FC61A082-2335-4C45-A38C-1EBEEA7BBE0A}"
EndProject
Project("{9A19103F-16F7-4668-BE54-9A1E7A4F7556}") = "Dock.Model", "src\Dock.Model\Dock.Model.csproj", "{4B46A85D-102E-46F5-9B74-F1616E850605}"
EndProject
Project("{9A19103F-16F7-4668-BE54-9A1E7A4F7556}") = "Dock.Avalonia", "src\Dock.Avalonia\Dock.Avalonia.csproj", "{CD220CCF-CF02-4BC3-A5DE-EC02D26F6477}"
EndProject
Project("{2150E333-8FDC-42A3-9474-1A3956D46DE8}") = "tests", "tests", "{71FD12F4-0BCB-422A-9FB0-4137E898E991}"
EndProject
Project("{9A19103F-16F7-4668-BE54-9A1E7A4F7556}") = "Dock.Avalonia.UnitTests", "tests\Dock.Avalonia.UnitTests\Dock.Avalonia.UnitTests.csproj", "{2A9959DB-769C-4524-A817-507C554615EA}"
EndProject
Project("{9A19103F-16F7-4668-BE54-9A1E7A4F7556}") = "Dock.Model.UnitTests", "tests\Dock.Model.UnitTests\Dock.Model.UnitTests.csproj", "{B0D84C66-1CEA-4607-9C81-EAB34E7C01E7}"
EndProject
Project("{9A19103F-16F7-4668-BE54-9A1E7A4F7556}") = "Dock.Model.INPC", "src\Dock.Model.INPC\Dock.Model.INPC.csproj", "{5CBD444C-EFA3-47B8-88A0-F5BCD99E171E}"
EndProject
Project("{9A19103F-16F7-4668-BE54-9A1E7A4F7556}") = "Dock.Model.INPC.UnitTests", "tests\Dock.Model.INPC.UnitTests\Dock.Model.INPC.UnitTests.csproj", "{C8442732-C248-4F42-8A3A-9E7C46D00F91}"
EndProject
Project("{9A19103F-16F7-4668-BE54-9A1E7A4F7556}") = "Dock.Model.ReactiveUI", "src\Dock.Model.ReactiveUI\Dock.Model.ReactiveUI.csproj", "{3920BA8E-AED3-425C-8F3A-BEC14E30673A}"
EndProject
Project("{9A19103F-16F7-4668-BE54-9A1E7A4F7556}") = "Dock.Model.ReactiveUI.UnitTests", "tests\Dock.Model.ReactiveUI.UnitTests\Dock.Model.ReactiveUI.UnitTests.csproj", "{AF88A77D-F4E0-4573-B7C9-DC846E51E5E2}"
EndProject
Project("{2150E333-8FDC-42A3-9474-1A3956D46DE8}") = "ci", "ci", "{F8F9350B-0321-4C8A-A0EB-BF5F2283994E}"
	ProjectSection(SolutionItems) = preProject
		.travis.yml = .travis.yml
		appveyor.yml = appveyor.yml
		circle.yml = circle.yml
	EndProjectSection
EndProject
Project("{2150E333-8FDC-42A3-9474-1A3956D46DE8}") = "docs", "docs", "{D16F65F7-7F44-40DB-B82A-1344A05D121D}"
	ProjectSection(SolutionItems) = preProject
		LICENSE.TXT = LICENSE.TXT
		README.md = README.md
	EndProjectSection
EndProject
Project("{2150E333-8FDC-42A3-9474-1A3956D46DE8}") = "git", "git", "{E58CB250-1197-4D0F-BBC1-F9733B1B48DC}"
	ProjectSection(SolutionItems) = preProject
		.gitattributes = .gitattributes
		.gitignore = .gitignore
	EndProjectSection
EndProject
Global
	GlobalSection(SolutionConfigurationPlatforms) = preSolution
		Debug|Any CPU = Debug|Any CPU
		Release|Any CPU = Release|Any CPU
	EndGlobalSection
	GlobalSection(ProjectConfigurationPlatforms) = postSolution
		{2B7AA608-8B4A-4700-BA51-ADA07363EDEB}.Debug|Any CPU.ActiveCfg = Debug|Any CPU
		{2B7AA608-8B4A-4700-BA51-ADA07363EDEB}.Debug|Any CPU.Build.0 = Debug|Any CPU
		{2B7AA608-8B4A-4700-BA51-ADA07363EDEB}.Release|Any CPU.ActiveCfg = Release|Any CPU
		{2B7AA608-8B4A-4700-BA51-ADA07363EDEB}.Release|Any CPU.Build.0 = Release|Any CPU
		{4B46A85D-102E-46F5-9B74-F1616E850605}.Debug|Any CPU.ActiveCfg = Debug|Any CPU
		{4B46A85D-102E-46F5-9B74-F1616E850605}.Debug|Any CPU.Build.0 = Debug|Any CPU
		{4B46A85D-102E-46F5-9B74-F1616E850605}.Release|Any CPU.ActiveCfg = Release|Any CPU
		{4B46A85D-102E-46F5-9B74-F1616E850605}.Release|Any CPU.Build.0 = Release|Any CPU
		{CD220CCF-CF02-4BC3-A5DE-EC02D26F6477}.Debug|Any CPU.ActiveCfg = Debug|Any CPU
		{CD220CCF-CF02-4BC3-A5DE-EC02D26F6477}.Debug|Any CPU.Build.0 = Debug|Any CPU
		{CD220CCF-CF02-4BC3-A5DE-EC02D26F6477}.Release|Any CPU.ActiveCfg = Release|Any CPU
		{CD220CCF-CF02-4BC3-A5DE-EC02D26F6477}.Release|Any CPU.Build.0 = Release|Any CPU
		{2A9959DB-769C-4524-A817-507C554615EA}.Debug|Any CPU.ActiveCfg = Debug|Any CPU
		{2A9959DB-769C-4524-A817-507C554615EA}.Debug|Any CPU.Build.0 = Debug|Any CPU
		{2A9959DB-769C-4524-A817-507C554615EA}.Release|Any CPU.ActiveCfg = Release|Any CPU
		{2A9959DB-769C-4524-A817-507C554615EA}.Release|Any CPU.Build.0 = Release|Any CPU
		{B0D84C66-1CEA-4607-9C81-EAB34E7C01E7}.Debug|Any CPU.ActiveCfg = Debug|Any CPU
		{B0D84C66-1CEA-4607-9C81-EAB34E7C01E7}.Debug|Any CPU.Build.0 = Debug|Any CPU
		{B0D84C66-1CEA-4607-9C81-EAB34E7C01E7}.Release|Any CPU.ActiveCfg = Release|Any CPU
		{B0D84C66-1CEA-4607-9C81-EAB34E7C01E7}.Release|Any CPU.Build.0 = Release|Any CPU
		{5CBD444C-EFA3-47B8-88A0-F5BCD99E171E}.Debug|Any CPU.ActiveCfg = Debug|Any CPU
		{5CBD444C-EFA3-47B8-88A0-F5BCD99E171E}.Debug|Any CPU.Build.0 = Debug|Any CPU
		{5CBD444C-EFA3-47B8-88A0-F5BCD99E171E}.Release|Any CPU.ActiveCfg = Release|Any CPU
		{5CBD444C-EFA3-47B8-88A0-F5BCD99E171E}.Release|Any CPU.Build.0 = Release|Any CPU
		{C8442732-C248-4F42-8A3A-9E7C46D00F91}.Debug|Any CPU.ActiveCfg = Debug|Any CPU
		{C8442732-C248-4F42-8A3A-9E7C46D00F91}.Debug|Any CPU.Build.0 = Debug|Any CPU
		{C8442732-C248-4F42-8A3A-9E7C46D00F91}.Release|Any CPU.ActiveCfg = Release|Any CPU
		{C8442732-C248-4F42-8A3A-9E7C46D00F91}.Release|Any CPU.Build.0 = Release|Any CPU
		{3920BA8E-AED3-425C-8F3A-BEC14E30673A}.Debug|Any CPU.ActiveCfg = Debug|Any CPU
		{3920BA8E-AED3-425C-8F3A-BEC14E30673A}.Debug|Any CPU.Build.0 = Debug|Any CPU
		{3920BA8E-AED3-425C-8F3A-BEC14E30673A}.Release|Any CPU.ActiveCfg = Release|Any CPU
		{3920BA8E-AED3-425C-8F3A-BEC14E30673A}.Release|Any CPU.Build.0 = Release|Any CPU
		{AF88A77D-F4E0-4573-B7C9-DC846E51E5E2}.Debug|Any CPU.ActiveCfg = Debug|Any CPU
		{AF88A77D-F4E0-4573-B7C9-DC846E51E5E2}.Debug|Any CPU.Build.0 = Debug|Any CPU
		{AF88A77D-F4E0-4573-B7C9-DC846E51E5E2}.Release|Any CPU.ActiveCfg = Release|Any CPU
		{AF88A77D-F4E0-4573-B7C9-DC846E51E5E2}.Release|Any CPU.Build.0 = Release|Any CPU
	EndGlobalSection
	GlobalSection(SolutionProperties) = preSolution
		HideSolutionNode = FALSE
	EndGlobalSection
	GlobalSection(NestedProjects) = preSolution
		{9F77EE50-CC9F-4DDC-9524-55D56E63A840} = {C4E2763D-8CA1-4332-808F-E32E9F4DDA94}
		{A2F3E41E-D53C-49A1-9089-2FE2C3F0FE73} = {C4E2763D-8CA1-4332-808F-E32E9F4DDA94}
		{2B7AA608-8B4A-4700-BA51-ADA07363EDEB} = {2B045CC0-AA4B-44B1-9D92-459B71EC7AA3}
		{4B46A85D-102E-46F5-9B74-F1616E850605} = {FC61A082-2335-4C45-A38C-1EBEEA7BBE0A}
		{CD220CCF-CF02-4BC3-A5DE-EC02D26F6477} = {FC61A082-2335-4C45-A38C-1EBEEA7BBE0A}
		{2A9959DB-769C-4524-A817-507C554615EA} = {71FD12F4-0BCB-422A-9FB0-4137E898E991}
		{B0D84C66-1CEA-4607-9C81-EAB34E7C01E7} = {71FD12F4-0BCB-422A-9FB0-4137E898E991}
		{5CBD444C-EFA3-47B8-88A0-F5BCD99E171E} = {FC61A082-2335-4C45-A38C-1EBEEA7BBE0A}
		{C8442732-C248-4F42-8A3A-9E7C46D00F91} = {71FD12F4-0BCB-422A-9FB0-4137E898E991}
		{3920BA8E-AED3-425C-8F3A-BEC14E30673A} = {FC61A082-2335-4C45-A38C-1EBEEA7BBE0A}
		{AF88A77D-F4E0-4573-B7C9-DC846E51E5E2} = {71FD12F4-0BCB-422A-9FB0-4137E898E991}
		{F8F9350B-0321-4C8A-A0EB-BF5F2283994E} = {C4E2763D-8CA1-4332-808F-E32E9F4DDA94}
		{E58CB250-1197-4D0F-BBC1-F9733B1B48DC} = {C4E2763D-8CA1-4332-808F-E32E9F4DDA94}
	EndGlobalSection
	GlobalSection(ExtensibilityGlobals) = postSolution
		SolutionGuid = {5617659E-FC7E-40D7-9D62-258513329CA1}
	EndGlobalSection
EndGlobal
