
Microsoft Visual Studio Solution File, Format Version 12.00
# Visual Studio Version 16
VisualStudioVersion = 16.0.28315.86
MinimumVisualStudioVersion = 10.0.40219.1
Project("{2150E333-8FDC-42A3-9474-1A3956D46DE8}") = "build", "build", "{C4E2763D-8CA1-4332-808F-E32E9F4DDA94}"
	ProjectSection(SolutionItems) = preProject
		.editorconfig = .editorconfig
		.nuke = .nuke
		build.ps1 = build.ps1
		build.sh = build.sh
		global.json = global.json
	EndProjectSection
EndProject
Project("{2150E333-8FDC-42A3-9474-1A3956D46DE8}") = "docs", "docs", "{D16F65F7-7F44-40DB-B82A-1344A05D121D}"
	ProjectSection(SolutionItems) = preProject
		LICENSE.TXT = LICENSE.TXT
		README.md = README.md
	EndProjectSection
EndProject
Project("{2150E333-8FDC-42A3-9474-1A3956D46DE8}") = "git", "git", "{E58CB250-1197-4D0F-BBC1-F9733B1B48DC}"
	ProjectSection(SolutionItems) = preProject
		.gitattributes = .gitattributes
		.gitignore = .gitignore
	EndProjectSection
EndProject
Project("{2150E333-8FDC-42A3-9474-1A3956D46DE8}") = "nuget", "nuget", "{9F77EE50-CC9F-4DDC-9524-55D56E63A840}"
	ProjectSection(SolutionItems) = preProject
		NuGet.Config = NuGet.Config
	EndProjectSection
EndProject
Project("{2150E333-8FDC-42A3-9474-1A3956D46DE8}") = "props", "props", "{A2F3E41E-D53C-49A1-9089-2FE2C3F0FE73}"
	ProjectSection(SolutionItems) = preProject
		build\Avalonia.Desktop.props = build\Avalonia.Desktop.props
		build\Avalonia.Diagnostics.props = build\Avalonia.Diagnostics.props
		build\Avalonia.props = build\Avalonia.props
		build\Base.props = build\Base.props
		build\ReactiveUI.props = build\ReactiveUI.props
		build\ReferenceAssemblies.props = build\ReferenceAssemblies.props
		build\XUnit.props = build\XUnit.props
	EndProjectSection
EndProject
Project("{2150E333-8FDC-42A3-9474-1A3956D46DE8}") = "samples", "samples", "{2B045CC0-AA4B-44B1-9D92-459B71EC7AA3}"
EndProject
Project("{9A19103F-16F7-4668-BE54-9A1E7A4F7556}") = "AvaloniaDemo", "samples\AvaloniaDemo\AvaloniaDemo.csproj", "{CFA60BDB-A297-44F6-8CEA-6D0B0B753367}"
EndProject
Project("{9A19103F-16F7-4668-BE54-9A1E7A4F7556}") = "ProportionalStackPanelDemo", "samples\ProportionalStackPanelDemo\ProportionalStackPanelDemo.csproj", "{5FF463E5-959B-45A3-B3D8-1B67A599D1C8}"
EndProject
Project("{2150E333-8FDC-42A3-9474-1A3956D46DE8}") = "src", "src", "{FC61A082-2335-4C45-A38C-1EBEEA7BBE0A}"
EndProject
Project("{9A19103F-16F7-4668-BE54-9A1E7A4F7556}") = "Dock.Model", "src\Dock.Model\Dock.Model.csproj", "{4B46A85D-102E-46F5-9B74-F1616E850605}"
EndProject
Project("{9A19103F-16F7-4668-BE54-9A1E7A4F7556}") = "Dock.Model.ReactiveUI", "src\Dock.Model.ReactiveUI\Dock.Model.ReactiveUI.csproj", "{3920BA8E-AED3-425C-8F3A-BEC14E30673A}"
EndProject
Project("{9A19103F-16F7-4668-BE54-9A1E7A4F7556}") = "Dock.Avalonia", "src\Dock.Avalonia\Dock.Avalonia.csproj", "{CD220CCF-CF02-4BC3-A5DE-EC02D26F6477}"
EndProject
Project("{2150E333-8FDC-42A3-9474-1A3956D46DE8}") = "tests", "tests", "{71FD12F4-0BCB-422A-9FB0-4137E898E991}"
EndProject
Project("{9A19103F-16F7-4668-BE54-9A1E7A4F7556}") = "Dock.Avalonia.UnitTests", "tests\Dock.Avalonia.UnitTests\Dock.Avalonia.UnitTests.csproj", "{2A9959DB-769C-4524-A817-507C554615EA}"
EndProject
Project("{9A19103F-16F7-4668-BE54-9A1E7A4F7556}") = "Dock.Model.ReactiveUI.UnitTests", "tests\Dock.Model.ReactiveUI.UnitTests\Dock.Model.ReactiveUI.UnitTests.csproj", "{AF88A77D-F4E0-4573-B7C9-DC846E51E5E2}"
EndProject
Project("{9A19103F-16F7-4668-BE54-9A1E7A4F7556}") = "_build", "build\build\_build.csproj", "{D96A5888-05F6-482D-87EA-CC4608172F4D}"
EndProject
Project("{9A19103F-16F7-4668-BE54-9A1E7A4F7556}") = "Dock.Model.Avalonia", "src\Dock.Model.Avalonia\Dock.Model.Avalonia.csproj", "{686F0686-FB89-4F51-BA22-4529248745C9}"
EndProject
Project("{9A19103F-16F7-4668-BE54-9A1E7A4F7556}") = "Dock.Model.Avalonia.UnitTests", "tests\Dock.Model.Avalonia.UnitTests\Dock.Model.Avalonia.UnitTests.csproj", "{9FC6C15A-C513-4516-8AC5-568FA8F6DE24}"
EndProject
Project("{9A19103F-16F7-4668-BE54-9A1E7A4F7556}") = "Dock.Avalonia.Themes.Default", "src\Dock.Avalonia.Themes.Default\Dock.Avalonia.Themes.Default.csproj", "{7B8F87B5-FAB8-4191-A09F-9100727E056D}"
EndProject
Project("{9A19103F-16F7-4668-BE54-9A1E7A4F7556}") = "Notepad", "samples\Notepad\Notepad.csproj", "{6B9A56E5-2DCD-4046-8CC6-5C552D720FDF}"
EndProject
Project("{9A19103F-16F7-4668-BE54-9A1E7A4F7556}") = "AvaloniaDemo.Static", "samples\AvaloniaDemo.Static\AvaloniaDemo.Static.csproj", "{DC7E8088-EA4D-4E42-9F89-A343475C50DA}"
EndProject
Global
	GlobalSection(SolutionConfigurationPlatforms) = preSolution
		Debug|Any CPU = Debug|Any CPU
		Release|Any CPU = Release|Any CPU
	EndGlobalSection
	GlobalSection(ProjectConfigurationPlatforms) = postSolution
		{CFA60BDB-A297-44F6-8CEA-6D0B0B753367}.Debug|Any CPU.ActiveCfg = Debug|Any CPU
		{CFA60BDB-A297-44F6-8CEA-6D0B0B753367}.Debug|Any CPU.Build.0 = Debug|Any CPU
		{CFA60BDB-A297-44F6-8CEA-6D0B0B753367}.Release|Any CPU.ActiveCfg = Release|Any CPU
		{CFA60BDB-A297-44F6-8CEA-6D0B0B753367}.Release|Any CPU.Build.0 = Release|Any CPU
		{5FF463E5-959B-45A3-B3D8-1B67A599D1C8}.Debug|Any CPU.ActiveCfg = Debug|Any CPU
		{5FF463E5-959B-45A3-B3D8-1B67A599D1C8}.Debug|Any CPU.Build.0 = Debug|Any CPU
		{5FF463E5-959B-45A3-B3D8-1B67A599D1C8}.Release|Any CPU.ActiveCfg = Release|Any CPU
		{5FF463E5-959B-45A3-B3D8-1B67A599D1C8}.Release|Any CPU.Build.0 = Release|Any CPU
		{4B46A85D-102E-46F5-9B74-F1616E850605}.Debug|Any CPU.ActiveCfg = Debug|Any CPU
		{4B46A85D-102E-46F5-9B74-F1616E850605}.Debug|Any CPU.Build.0 = Debug|Any CPU
		{4B46A85D-102E-46F5-9B74-F1616E850605}.Release|Any CPU.ActiveCfg = Release|Any CPU
		{4B46A85D-102E-46F5-9B74-F1616E850605}.Release|Any CPU.Build.0 = Release|Any CPU
		{3920BA8E-AED3-425C-8F3A-BEC14E30673A}.Debug|Any CPU.ActiveCfg = Debug|Any CPU
		{3920BA8E-AED3-425C-8F3A-BEC14E30673A}.Debug|Any CPU.Build.0 = Debug|Any CPU
		{3920BA8E-AED3-425C-8F3A-BEC14E30673A}.Release|Any CPU.ActiveCfg = Release|Any CPU
		{3920BA8E-AED3-425C-8F3A-BEC14E30673A}.Release|Any CPU.Build.0 = Release|Any CPU
		{CD220CCF-CF02-4BC3-A5DE-EC02D26F6477}.Debug|Any CPU.ActiveCfg = Debug|Any CPU
		{CD220CCF-CF02-4BC3-A5DE-EC02D26F6477}.Debug|Any CPU.Build.0 = Debug|Any CPU
		{CD220CCF-CF02-4BC3-A5DE-EC02D26F6477}.Release|Any CPU.ActiveCfg = Release|Any CPU
		{CD220CCF-CF02-4BC3-A5DE-EC02D26F6477}.Release|Any CPU.Build.0 = Release|Any CPU
		{2A9959DB-769C-4524-A817-507C554615EA}.Debug|Any CPU.ActiveCfg = Debug|Any CPU
		{2A9959DB-769C-4524-A817-507C554615EA}.Debug|Any CPU.Build.0 = Debug|Any CPU
		{2A9959DB-769C-4524-A817-507C554615EA}.Release|Any CPU.ActiveCfg = Release|Any CPU
		{2A9959DB-769C-4524-A817-507C554615EA}.Release|Any CPU.Build.0 = Release|Any CPU
		{AF88A77D-F4E0-4573-B7C9-DC846E51E5E2}.Debug|Any CPU.ActiveCfg = Debug|Any CPU
		{AF88A77D-F4E0-4573-B7C9-DC846E51E5E2}.Debug|Any CPU.Build.0 = Debug|Any CPU
		{AF88A77D-F4E0-4573-B7C9-DC846E51E5E2}.Release|Any CPU.ActiveCfg = Release|Any CPU
		{AF88A77D-F4E0-4573-B7C9-DC846E51E5E2}.Release|Any CPU.Build.0 = Release|Any CPU
		{D96A5888-05F6-482D-87EA-CC4608172F4D}.Debug|Any CPU.ActiveCfg = Debug|Any CPU
		{D96A5888-05F6-482D-87EA-CC4608172F4D}.Debug|Any CPU.Build.0 = Debug|Any CPU
		{D96A5888-05F6-482D-87EA-CC4608172F4D}.Release|Any CPU.ActiveCfg = Release|Any CPU
		{D96A5888-05F6-482D-87EA-CC4608172F4D}.Release|Any CPU.Build.0 = Release|Any CPU
		{686F0686-FB89-4F51-BA22-4529248745C9}.Debug|Any CPU.ActiveCfg = Debug|Any CPU
		{686F0686-FB89-4F51-BA22-4529248745C9}.Debug|Any CPU.Build.0 = Debug|Any CPU
		{686F0686-FB89-4F51-BA22-4529248745C9}.Release|Any CPU.ActiveCfg = Release|Any CPU
		{686F0686-FB89-4F51-BA22-4529248745C9}.Release|Any CPU.Build.0 = Release|Any CPU
		{9FC6C15A-C513-4516-8AC5-568FA8F6DE24}.Debug|Any CPU.ActiveCfg = Debug|Any CPU
		{9FC6C15A-C513-4516-8AC5-568FA8F6DE24}.Debug|Any CPU.Build.0 = Debug|Any CPU
		{9FC6C15A-C513-4516-8AC5-568FA8F6DE24}.Release|Any CPU.ActiveCfg = Release|Any CPU
		{9FC6C15A-C513-4516-8AC5-568FA8F6DE24}.Release|Any CPU.Build.0 = Release|Any CPU
		{7B8F87B5-FAB8-4191-A09F-9100727E056D}.Debug|Any CPU.ActiveCfg = Debug|Any CPU
		{7B8F87B5-FAB8-4191-A09F-9100727E056D}.Debug|Any CPU.Build.0 = Debug|Any CPU
		{7B8F87B5-FAB8-4191-A09F-9100727E056D}.Release|Any CPU.ActiveCfg = Release|Any CPU
		{7B8F87B5-FAB8-4191-A09F-9100727E056D}.Release|Any CPU.Build.0 = Release|Any CPU
		{6B9A56E5-2DCD-4046-8CC6-5C552D720FDF}.Debug|Any CPU.ActiveCfg = Debug|Any CPU
		{6B9A56E5-2DCD-4046-8CC6-5C552D720FDF}.Debug|Any CPU.Build.0 = Debug|Any CPU
		{6B9A56E5-2DCD-4046-8CC6-5C552D720FDF}.Release|Any CPU.ActiveCfg = Release|Any CPU
		{6B9A56E5-2DCD-4046-8CC6-5C552D720FDF}.Release|Any CPU.Build.0 = Release|Any CPU
		{DC7E8088-EA4D-4E42-9F89-A343475C50DA}.Debug|Any CPU.ActiveCfg = Debug|Any CPU
		{DC7E8088-EA4D-4E42-9F89-A343475C50DA}.Debug|Any CPU.Build.0 = Debug|Any CPU
		{DC7E8088-EA4D-4E42-9F89-A343475C50DA}.Release|Any CPU.ActiveCfg = Release|Any CPU
		{DC7E8088-EA4D-4E42-9F89-A343475C50DA}.Release|Any CPU.Build.0 = Release|Any CPU
	EndGlobalSection
	GlobalSection(SolutionProperties) = preSolution
		HideSolutionNode = FALSE
	EndGlobalSection
	GlobalSection(NestedProjects) = preSolution
		{E58CB250-1197-4D0F-BBC1-F9733B1B48DC} = {C4E2763D-8CA1-4332-808F-E32E9F4DDA94}
		{9F77EE50-CC9F-4DDC-9524-55D56E63A840} = {C4E2763D-8CA1-4332-808F-E32E9F4DDA94}
		{A2F3E41E-D53C-49A1-9089-2FE2C3F0FE73} = {C4E2763D-8CA1-4332-808F-E32E9F4DDA94}
		{CFA60BDB-A297-44F6-8CEA-6D0B0B753367} = {2B045CC0-AA4B-44B1-9D92-459B71EC7AA3}
		{5FF463E5-959B-45A3-B3D8-1B67A599D1C8} = {2B045CC0-AA4B-44B1-9D92-459B71EC7AA3}
		{4B46A85D-102E-46F5-9B74-F1616E850605} = {FC61A082-2335-4C45-A38C-1EBEEA7BBE0A}
		{D96A5888-05F6-482D-87EA-CC4608172F4D} = {C4E2763D-8CA1-4332-808F-E32E9F4DDA94}
		{6B9A56E5-2DCD-4046-8CC6-5C552D720FDF} = {2B045CC0-AA4B-44B1-9D92-459B71EC7AA3}
		{DC7E8088-EA4D-4E42-9F89-A343475C50DA} = {2B045CC0-AA4B-44B1-9D92-459B71EC7AA3}
		{686F0686-FB89-4F51-BA22-4529248745C9} = {FC61A082-2335-4C45-A38C-1EBEEA7BBE0A}
		{3920BA8E-AED3-425C-8F3A-BEC14E30673A} = {FC61A082-2335-4C45-A38C-1EBEEA7BBE0A}
		{CD220CCF-CF02-4BC3-A5DE-EC02D26F6477} = {FC61A082-2335-4C45-A38C-1EBEEA7BBE0A}
		{7B8F87B5-FAB8-4191-A09F-9100727E056D} = {FC61A082-2335-4C45-A38C-1EBEEA7BBE0A}
		{2A9959DB-769C-4524-A817-507C554615EA} = {71FD12F4-0BCB-422A-9FB0-4137E898E991}
		{9FC6C15A-C513-4516-8AC5-568FA8F6DE24} = {71FD12F4-0BCB-422A-9FB0-4137E898E991}
		{AF88A77D-F4E0-4573-B7C9-DC846E51E5E2} = {71FD12F4-0BCB-422A-9FB0-4137E898E991}
	EndGlobalSection
	GlobalSection(ExtensibilityGlobals) = postSolution
		SolutionGuid = {5617659E-FC7E-40D7-9D62-258513329CA1}
	EndGlobalSection
EndGlobal
