
Microsoft Visual Studio Solution File, Format Version 12.00
# Visual Studio Version 16
VisualStudioVersion = 16.0.28315.86
MinimumVisualStudioVersion = 10.0.40219.1
Project("{2150E333-8FDC-42A3-9474-1A3956D46DE8}") = "build", "build", "{C4E2763D-8CA1-4332-808F-E32E9F4DDA94}"
	ProjectSection(SolutionItems) = preProject
		.editorconfig = .editorconfig
		.nuke = .nuke
		build.ps1 = build.ps1
		build.sh = build.sh
		global.json = global.json
	EndProjectSection
EndProject
Project("{2150E333-8FDC-42A3-9474-1A3956D46DE8}") = "docs", "docs", "{D16F65F7-7F44-40DB-B82A-1344A05D121D}"
	ProjectSection(SolutionItems) = preProject
		LICENSE.TXT = LICENSE.TXT
		README.md = README.md
	EndProjectSection
EndProject
Project("{2150E333-8FDC-42A3-9474-1A3956D46DE8}") = "git", "git", "{E58CB250-1197-4D0F-BBC1-F9733B1B48DC}"
	ProjectSection(SolutionItems) = preProject
		.gitattributes = .gitattributes
		.gitignore = .gitignore
	EndProjectSection
EndProject
Project("{2150E333-8FDC-42A3-9474-1A3956D46DE8}") = "nuget", "nuget", "{9F77EE50-CC9F-4DDC-9524-55D56E63A840}"
	ProjectSection(SolutionItems) = preProject
		NuGet.Config = NuGet.Config
	EndProjectSection
EndProject
Project("{2150E333-8FDC-42A3-9474-1A3956D46DE8}") = "props", "props", "{A2F3E41E-D53C-49A1-9089-2FE2C3F0FE73}"
	ProjectSection(SolutionItems) = preProject
		build\Avalonia.Desktop.props = build\Avalonia.Desktop.props
		build\Avalonia.props = build\Avalonia.props
		build\Base.props = build\Base.props
		build\EmbedXaml.props = build\EmbedXaml.props
		build\Newtonsoft.Json.props = build\Newtonsoft.Json.props
		build\ReactiveUI.props = build\ReactiveUI.props
		build\ReferenceAssemblies.props = build\ReferenceAssemblies.props
		build\XUnit.props = build\XUnit.props
	EndProjectSection
EndProject
Project("{2150E333-8FDC-42A3-9474-1A3956D46DE8}") = "samples", "samples", "{2B045CC0-AA4B-44B1-9D92-459B71EC7AA3}"
EndProject
Project("{9A19103F-16F7-4668-BE54-9A1E7A4F7556}") = "AvaloniaDemo", "samples\AvaloniaDemo\AvaloniaDemo.csproj", "{CFA60BDB-A297-44F6-8CEA-6D0B0B753367}"
EndProject
Project("{9A19103F-16F7-4668-BE54-9A1E7A4F7556}") = "ProportionalStackPanelDemo", "samples\ProportionalStackPanelDemo\ProportionalStackPanelDemo.csproj", "{5FF463E5-959B-45A3-B3D8-1B67A599D1C8}"
EndProject
Project("{2150E333-8FDC-42A3-9474-1A3956D46DE8}") = "src", "src", "{FC61A082-2335-4C45-A38C-1EBEEA7BBE0A}"
EndProject
Project("{9A19103F-16F7-4668-BE54-9A1E7A4F7556}") = "Dock.Model", "src\Dock.Model\Dock.Model.csproj", "{4B46A85D-102E-46F5-9B74-F1616E850605}"
EndProject
Project("{9A19103F-16F7-4668-BE54-9A1E7A4F7556}") = "Dock.Model.INPC", "src\Dock.Model.INPC\Dock.Model.INPC.csproj", "{5CBD444C-EFA3-47B8-88A0-F5BCD99E171E}"
EndProject
Project("{9A19103F-16F7-4668-BE54-9A1E7A4F7556}") = "Dock.Model.ReactiveUI", "src\Dock.Model.ReactiveUI\Dock.Model.ReactiveUI.csproj", "{3920BA8E-AED3-425C-8F3A-BEC14E30673A}"
EndProject
Project("{9A19103F-16F7-4668-BE54-9A1E7A4F7556}") = "Dock.Avalonia", "src\Dock.Avalonia\Dock.Avalonia.csproj", "{CD220CCF-CF02-4BC3-A5DE-EC02D26F6477}"
EndProject
Project("{2150E333-8FDC-42A3-9474-1A3956D46DE8}") = "tests", "tests", "{71FD12F4-0BCB-422A-9FB0-4137E898E991}"
EndProject
Project("{9A19103F-16F7-4668-BE54-9A1E7A4F7556}") = "Dock.Avalonia.UnitTests", "tests\Dock.Avalonia.UnitTests\Dock.Avalonia.UnitTests.csproj", "{2A9959DB-769C-4524-A817-507C554615EA}"
EndProject
Project("{9A19103F-16F7-4668-BE54-9A1E7A4F7556}") = "Dock.Model.UnitTests", "tests\Dock.Model.UnitTests\Dock.Model.UnitTests.csproj", "{B0D84C66-1CEA-4607-9C81-EAB34E7C01E7}"
EndProject
Project("{9A19103F-16F7-4668-BE54-9A1E7A4F7556}") = "Dock.Model.INPC.UnitTests", "tests\Dock.Model.INPC.UnitTests\Dock.Model.INPC.UnitTests.csproj", "{C8442732-C248-4F42-8A3A-9E7C46D00F91}"
EndProject
Project("{9A19103F-16F7-4668-BE54-9A1E7A4F7556}") = "Dock.Model.ReactiveUI.UnitTests", "tests\Dock.Model.ReactiveUI.UnitTests\Dock.Model.ReactiveUI.UnitTests.csproj", "{AF88A77D-F4E0-4573-B7C9-DC846E51E5E2}"
EndProject
Project("{9A19103F-16F7-4668-BE54-9A1E7A4F7556}") = "_build", "build\build\_build.csproj", "{D96A5888-05F6-482D-87EA-CC4608172F4D}"
EndProject
Project("{9A19103F-16F7-4668-BE54-9A1E7A4F7556}") = "Dock.Model.Avalonia", "src\Dock.Model.Avalonia\Dock.Model.Avalonia.csproj", "{686F0686-FB89-4F51-BA22-4529248745C9}"
EndProject
Project("{9A19103F-16F7-4668-BE54-9A1E7A4F7556}") = "Dock.Model.Avalonia.UnitTests", "tests\Dock.Model.Avalonia.UnitTests\Dock.Model.Avalonia.UnitTests.csproj", "{9FC6C15A-C513-4516-8AC5-568FA8F6DE24}"
EndProject
Project("{9A19103F-16F7-4668-BE54-9A1E7A4F7556}") = "Dock.Avalonia.Themes.Default", "src\Dock.Avalonia.Themes.Default\Dock.Avalonia.Themes.Default.csproj", "{7B8F87B5-FAB8-4191-A09F-9100727E056D}"
EndProject
Project("{9A19103F-16F7-4668-BE54-9A1E7A4F7556}") = "Dock.Avalonia.Themes.Metro", "src\Dock.Avalonia.Themes.Metro\Dock.Avalonia.Themes.Metro.csproj", "{AC0CD72F-3FA9-4085-BD07-6EC5D9CE5CEA}"
EndProject
Project("{9A19103F-16F7-4668-BE54-9A1E7A4F7556}") = "AvaloniaDemo.Experimental", "samples\AvaloniaDemo.Experimental\AvaloniaDemo.Experimental.csproj", "{89E990CD-1206-4F39-8353-03A580F4570E}"
EndProject
Project("{9A19103F-16F7-4668-BE54-9A1E7A4F7556}") = "Dock.Model.Test", "tests\Dock.Model.Test\Dock.Model.Test.csproj", "{26B258D7-46F2-4B61-8BBF-9CED5EE1FEA4}"
EndProject
Project("{9A19103F-16F7-4668-BE54-9A1E7A4F7556}") = "Dock.Serializer", "src\Dock.Serializer\Dock.Serializer.csproj", "{0B0E27B0-4FF1-4518-BDD0-E3FFC331C1F6}"
EndProject
Project("{9A19103F-16F7-4668-BE54-9A1E7A4F7556}") = "AvaloniaDemo.Perspectives", "samples\AvaloniaDemo.Perspectives\AvaloniaDemo.Perspectives.csproj", "{58567F3F-3B2D-4D5B-8E89-9F8C776A378F}"
EndProject
Project("{9A19103F-16F7-4668-BE54-9A1E7A4F7556}") = "Notepad", "samples\Notepad\Notepad.csproj", "{6B9A56E5-2DCD-4046-8CC6-5C552D720FDF}"
EndProject
Project("{2150E333-8FDC-42A3-9474-1A3956D46DE8}") = "Models", "Models", "{8BEFDC23-3774-4A7F-9776-C26EF22A5359}"
EndProject
Project("{2150E333-8FDC-42A3-9474-1A3956D46DE8}") = "Avalonia", "Avalonia", "{234A1004-52FD-4918-A9A5-2090BEC19AB7}"
EndProject
Project("{2150E333-8FDC-42A3-9474-1A3956D46DE8}") = "Models", "Models", "{E6094756-98C5-4B17-92CB-6A7CD2AB3C9C}"
EndProject
Project("{2150E333-8FDC-42A3-9474-1A3956D46DE8}") = "Avalonia", "Avalonia", "{2EEF5A13-F437-43C6-8B8B-8E907F52E27C}"
EndProject
Global
	GlobalSection(SolutionConfigurationPlatforms) = preSolution
		Debug|Any CPU = Debug|Any CPU
		Release|Any CPU = Release|Any CPU
	EndGlobalSection
	GlobalSection(ProjectConfigurationPlatforms) = postSolution
		{CFA60BDB-A297-44F6-8CEA-6D0B0B753367}.Debug|Any CPU.ActiveCfg = Debug|Any CPU
		{CFA60BDB-A297-44F6-8CEA-6D0B0B753367}.Debug|Any CPU.Build.0 = Debug|Any CPU
		{CFA60BDB-A297-44F6-8CEA-6D0B0B753367}.Release|Any CPU.ActiveCfg = Release|Any CPU
		{CFA60BDB-A297-44F6-8CEA-6D0B0B753367}.Release|Any CPU.Build.0 = Release|Any CPU
		{5FF463E5-959B-45A3-B3D8-1B67A599D1C8}.Debug|Any CPU.ActiveCfg = Debug|Any CPU
		{5FF463E5-959B-45A3-B3D8-1B67A599D1C8}.Debug|Any CPU.Build.0 = Debug|Any CPU
		{5FF463E5-959B-45A3-B3D8-1B67A599D1C8}.Release|Any CPU.ActiveCfg = Release|Any CPU
		{5FF463E5-959B-45A3-B3D8-1B67A599D1C8}.Release|Any CPU.Build.0 = Release|Any CPU
		{4B46A85D-102E-46F5-9B74-F1616E850605}.Debug|Any CPU.ActiveCfg = Debug|Any CPU
		{4B46A85D-102E-46F5-9B74-F1616E850605}.Debug|Any CPU.Build.0 = Debug|Any CPU
		{4B46A85D-102E-46F5-9B74-F1616E850605}.Release|Any CPU.ActiveCfg = Release|Any CPU
		{4B46A85D-102E-46F5-9B74-F1616E850605}.Release|Any CPU.Build.0 = Release|Any CPU
		{5CBD444C-EFA3-47B8-88A0-F5BCD99E171E}.Debug|Any CPU.ActiveCfg = Debug|Any CPU
		{5CBD444C-EFA3-47B8-88A0-F5BCD99E171E}.Debug|Any CPU.Build.0 = Debug|Any CPU
		{5CBD444C-EFA3-47B8-88A0-F5BCD99E171E}.Release|Any CPU.ActiveCfg = Release|Any CPU
		{5CBD444C-EFA3-47B8-88A0-F5BCD99E171E}.Release|Any CPU.Build.0 = Release|Any CPU
		{3920BA8E-AED3-425C-8F3A-BEC14E30673A}.Debug|Any CPU.ActiveCfg = Debug|Any CPU
		{3920BA8E-AED3-425C-8F3A-BEC14E30673A}.Debug|Any CPU.Build.0 = Debug|Any CPU
		{3920BA8E-AED3-425C-8F3A-BEC14E30673A}.Release|Any CPU.ActiveCfg = Release|Any CPU
		{3920BA8E-AED3-425C-8F3A-BEC14E30673A}.Release|Any CPU.Build.0 = Release|Any CPU
		{CD220CCF-CF02-4BC3-A5DE-EC02D26F6477}.Debug|Any CPU.ActiveCfg = Debug|Any CPU
		{CD220CCF-CF02-4BC3-A5DE-EC02D26F6477}.Debug|Any CPU.Build.0 = Debug|Any CPU
		{CD220CCF-CF02-4BC3-A5DE-EC02D26F6477}.Release|Any CPU.ActiveCfg = Release|Any CPU
		{CD220CCF-CF02-4BC3-A5DE-EC02D26F6477}.Release|Any CPU.Build.0 = Release|Any CPU
		{2A9959DB-769C-4524-A817-507C554615EA}.Debug|Any CPU.ActiveCfg = Debug|Any CPU
		{2A9959DB-769C-4524-A817-507C554615EA}.Debug|Any CPU.Build.0 = Debug|Any CPU
		{2A9959DB-769C-4524-A817-507C554615EA}.Release|Any CPU.ActiveCfg = Release|Any CPU
		{2A9959DB-769C-4524-A817-507C554615EA}.Release|Any CPU.Build.0 = Release|Any CPU
		{B0D84C66-1CEA-4607-9C81-EAB34E7C01E7}.Debug|Any CPU.ActiveCfg = Debug|Any CPU
		{B0D84C66-1CEA-4607-9C81-EAB34E7C01E7}.Debug|Any CPU.Build.0 = Debug|Any CPU
		{B0D84C66-1CEA-4607-9C81-EAB34E7C01E7}.Release|Any CPU.ActiveCfg = Release|Any CPU
		{B0D84C66-1CEA-4607-9C81-EAB34E7C01E7}.Release|Any CPU.Build.0 = Release|Any CPU
		{C8442732-C248-4F42-8A3A-9E7C46D00F91}.Debug|Any CPU.ActiveCfg = Debug|Any CPU
		{C8442732-C248-4F42-8A3A-9E7C46D00F91}.Debug|Any CPU.Build.0 = Debug|Any CPU
		{C8442732-C248-4F42-8A3A-9E7C46D00F91}.Release|Any CPU.ActiveCfg = Release|Any CPU
		{C8442732-C248-4F42-8A3A-9E7C46D00F91}.Release|Any CPU.Build.0 = Release|Any CPU
		{AF88A77D-F4E0-4573-B7C9-DC846E51E5E2}.Debug|Any CPU.ActiveCfg = Debug|Any CPU
		{AF88A77D-F4E0-4573-B7C9-DC846E51E5E2}.Debug|Any CPU.Build.0 = Debug|Any CPU
		{AF88A77D-F4E0-4573-B7C9-DC846E51E5E2}.Release|Any CPU.ActiveCfg = Release|Any CPU
		{AF88A77D-F4E0-4573-B7C9-DC846E51E5E2}.Release|Any CPU.Build.0 = Release|Any CPU
		{D96A5888-05F6-482D-87EA-CC4608172F4D}.Debug|Any CPU.ActiveCfg = Debug|Any CPU
		{D96A5888-05F6-482D-87EA-CC4608172F4D}.Debug|Any CPU.Build.0 = Debug|Any CPU
		{D96A5888-05F6-482D-87EA-CC4608172F4D}.Release|Any CPU.ActiveCfg = Release|Any CPU
		{D96A5888-05F6-482D-87EA-CC4608172F4D}.Release|Any CPU.Build.0 = Release|Any CPU
		{686F0686-FB89-4F51-BA22-4529248745C9}.Debug|Any CPU.ActiveCfg = Debug|Any CPU
		{686F0686-FB89-4F51-BA22-4529248745C9}.Debug|Any CPU.Build.0 = Debug|Any CPU
		{686F0686-FB89-4F51-BA22-4529248745C9}.Release|Any CPU.ActiveCfg = Release|Any CPU
		{686F0686-FB89-4F51-BA22-4529248745C9}.Release|Any CPU.Build.0 = Release|Any CPU
		{9FC6C15A-C513-4516-8AC5-568FA8F6DE24}.Debug|Any CPU.ActiveCfg = Debug|Any CPU
		{9FC6C15A-C513-4516-8AC5-568FA8F6DE24}.Debug|Any CPU.Build.0 = Debug|Any CPU
		{9FC6C15A-C513-4516-8AC5-568FA8F6DE24}.Release|Any CPU.ActiveCfg = Release|Any CPU
		{9FC6C15A-C513-4516-8AC5-568FA8F6DE24}.Release|Any CPU.Build.0 = Release|Any CPU
		{7B8F87B5-FAB8-4191-A09F-9100727E056D}.Debug|Any CPU.ActiveCfg = Debug|Any CPU
		{7B8F87B5-FAB8-4191-A09F-9100727E056D}.Debug|Any CPU.Build.0 = Debug|Any CPU
		{7B8F87B5-FAB8-4191-A09F-9100727E056D}.Release|Any CPU.ActiveCfg = Release|Any CPU
		{7B8F87B5-FAB8-4191-A09F-9100727E056D}.Release|Any CPU.Build.0 = Release|Any CPU
		{AC0CD72F-3FA9-4085-BD07-6EC5D9CE5CEA}.Debug|Any CPU.ActiveCfg = Debug|Any CPU
		{AC0CD72F-3FA9-4085-BD07-6EC5D9CE5CEA}.Debug|Any CPU.Build.0 = Debug|Any CPU
		{AC0CD72F-3FA9-4085-BD07-6EC5D9CE5CEA}.Release|Any CPU.ActiveCfg = Release|Any CPU
		{AC0CD72F-3FA9-4085-BD07-6EC5D9CE5CEA}.Release|Any CPU.Build.0 = Release|Any CPU
		{89E990CD-1206-4F39-8353-03A580F4570E}.Debug|Any CPU.ActiveCfg = Debug|Any CPU
		{89E990CD-1206-4F39-8353-03A580F4570E}.Debug|Any CPU.Build.0 = Debug|Any CPU
		{89E990CD-1206-4F39-8353-03A580F4570E}.Release|Any CPU.ActiveCfg = Release|Any CPU
		{89E990CD-1206-4F39-8353-03A580F4570E}.Release|Any CPU.Build.0 = Release|Any CPU
		{26B258D7-46F2-4B61-8BBF-9CED5EE1FEA4}.Debug|Any CPU.ActiveCfg = Debug|Any CPU
		{26B258D7-46F2-4B61-8BBF-9CED5EE1FEA4}.Debug|Any CPU.Build.0 = Debug|Any CPU
		{26B258D7-46F2-4B61-8BBF-9CED5EE1FEA4}.Release|Any CPU.ActiveCfg = Release|Any CPU
		{26B258D7-46F2-4B61-8BBF-9CED5EE1FEA4}.Release|Any CPU.Build.0 = Release|Any CPU
		{0B0E27B0-4FF1-4518-BDD0-E3FFC331C1F6}.Debug|Any CPU.ActiveCfg = Debug|Any CPU
		{0B0E27B0-4FF1-4518-BDD0-E3FFC331C1F6}.Debug|Any CPU.Build.0 = Debug|Any CPU
		{0B0E27B0-4FF1-4518-BDD0-E3FFC331C1F6}.Release|Any CPU.ActiveCfg = Release|Any CPU
		{0B0E27B0-4FF1-4518-BDD0-E3FFC331C1F6}.Release|Any CPU.Build.0 = Release|Any CPU
		{58567F3F-3B2D-4D5B-8E89-9F8C776A378F}.Debug|Any CPU.ActiveCfg = Debug|Any CPU
		{58567F3F-3B2D-4D5B-8E89-9F8C776A378F}.Debug|Any CPU.Build.0 = Debug|Any CPU
		{58567F3F-3B2D-4D5B-8E89-9F8C776A378F}.Release|Any CPU.ActiveCfg = Release|Any CPU
		{58567F3F-3B2D-4D5B-8E89-9F8C776A378F}.Release|Any CPU.Build.0 = Release|Any CPU
		{6B9A56E5-2DCD-4046-8CC6-5C552D720FDF}.Debug|Any CPU.ActiveCfg = Debug|Any CPU
		{6B9A56E5-2DCD-4046-8CC6-5C552D720FDF}.Debug|Any CPU.Build.0 = Debug|Any CPU
		{6B9A56E5-2DCD-4046-8CC6-5C552D720FDF}.Release|Any CPU.ActiveCfg = Release|Any CPU
		{6B9A56E5-2DCD-4046-8CC6-5C552D720FDF}.Release|Any CPU.Build.0 = Release|Any CPU
	EndGlobalSection
	GlobalSection(SolutionProperties) = preSolution
		HideSolutionNode = FALSE
	EndGlobalSection
	GlobalSection(NestedProjects) = preSolution
		{E58CB250-1197-4D0F-BBC1-F9733B1B48DC} = {C4E2763D-8CA1-4332-808F-E32E9F4DDA94}
		{9F77EE50-CC9F-4DDC-9524-55D56E63A840} = {C4E2763D-8CA1-4332-808F-E32E9F4DDA94}
		{A2F3E41E-D53C-49A1-9089-2FE2C3F0FE73} = {C4E2763D-8CA1-4332-808F-E32E9F4DDA94}
		{CFA60BDB-A297-44F6-8CEA-6D0B0B753367} = {2B045CC0-AA4B-44B1-9D92-459B71EC7AA3}
		{5FF463E5-959B-45A3-B3D8-1B67A599D1C8} = {2B045CC0-AA4B-44B1-9D92-459B71EC7AA3}
		{4B46A85D-102E-46F5-9B74-F1616E850605} = {FC61A082-2335-4C45-A38C-1EBEEA7BBE0A}
		{5CBD444C-EFA3-47B8-88A0-F5BCD99E171E} = {8BEFDC23-3774-4A7F-9776-C26EF22A5359}
		{3920BA8E-AED3-425C-8F3A-BEC14E30673A} = {8BEFDC23-3774-4A7F-9776-C26EF22A5359}
		{CD220CCF-CF02-4BC3-A5DE-EC02D26F6477} = {234A1004-52FD-4918-A9A5-2090BEC19AB7}
		{2A9959DB-769C-4524-A817-507C554615EA} = {2EEF5A13-F437-43C6-8B8B-8E907F52E27C}
		{B0D84C66-1CEA-4607-9C81-EAB34E7C01E7} = {71FD12F4-0BCB-422A-9FB0-4137E898E991}
		{C8442732-C248-4F42-8A3A-9E7C46D00F91} = {E6094756-98C5-4B17-92CB-6A7CD2AB3C9C}
		{AF88A77D-F4E0-4573-B7C9-DC846E51E5E2} = {E6094756-98C5-4B17-92CB-6A7CD2AB3C9C}
		{D96A5888-05F6-482D-87EA-CC4608172F4D} = {C4E2763D-8CA1-4332-808F-E32E9F4DDA94}
		{686F0686-FB89-4F51-BA22-4529248745C9} = {8BEFDC23-3774-4A7F-9776-C26EF22A5359}
		{9FC6C15A-C513-4516-8AC5-568FA8F6DE24} = {E6094756-98C5-4B17-92CB-6A7CD2AB3C9C}
		{7B8F87B5-FAB8-4191-A09F-9100727E056D} = {234A1004-52FD-4918-A9A5-2090BEC19AB7}
		{AC0CD72F-3FA9-4085-BD07-6EC5D9CE5CEA} = {234A1004-52FD-4918-A9A5-2090BEC19AB7}
		{89E990CD-1206-4F39-8353-03A580F4570E} = {2B045CC0-AA4B-44B1-9D92-459B71EC7AA3}
		{26B258D7-46F2-4B61-8BBF-9CED5EE1FEA4} = {71FD12F4-0BCB-422A-9FB0-4137E898E991}
		{0B0E27B0-4FF1-4518-BDD0-E3FFC331C1F6} = {FC61A082-2335-4C45-A38C-1EBEEA7BBE0A}
		{58567F3F-3B2D-4D5B-8E89-9F8C776A378F} = {2B045CC0-AA4B-44B1-9D92-459B71EC7AA3}
		{6B9A56E5-2DCD-4046-8CC6-5C552D720FDF} = {2B045CC0-AA4B-44B1-9D92-459B71EC7AA3}
		{8BEFDC23-3774-4A7F-9776-C26EF22A5359} = {FC61A082-2335-4C45-A38C-1EBEEA7BBE0A}
		{234A1004-52FD-4918-A9A5-2090BEC19AB7} = {FC61A082-2335-4C45-A38C-1EBEEA7BBE0A}
		{E6094756-98C5-4B17-92CB-6A7CD2AB3C9C} = {71FD12F4-0BCB-422A-9FB0-4137E898E991}
		{2EEF5A13-F437-43C6-8B8B-8E907F52E27C} = {71FD12F4-0BCB-422A-9FB0-4137E898E991}
	EndGlobalSection
	GlobalSection(ExtensibilityGlobals) = postSolution
		SolutionGuid = {5617659E-FC7E-40D7-9D62-258513329CA1}
	EndGlobalSection
EndGlobal
